
Microsoft Visual Studio Solution File, Format Version 12.00
# Visual Studio 2017
Project("{FAE04EC0-301F-11D3-BF4B-00C04F79EFBC}") = "Jumping Dinosaur", "Jumping Dinosaur.csproj", "{0CA8A46B-3E09-680F-686B-44209DD58ED9}"
EndProject
Global
	GlobalSection(SolutionConfigurationPlatforms) = preSolution
		Debug|Any CPU = Debug|Any CPU
		Release|Any CPU = Release|Any CPU
	EndGlobalSection
	GlobalSection(ProjectConfigurationPlatforms) = postSolution
		{0CA8A46B-3E09-680F-686B-44209DD58ED9}.Debug|Any CPU.ActiveCfg = Debug|Any CPU
		{0CA8A46B-3E09-680F-686B-44209DD58ED9}.Debug|Any CPU.Build.0 = Debug|Any CPU
		{0CA8A46B-3E09-680F-686B-44209DD58ED9}.Release|Any CPU.ActiveCfg = Release|Any CPU
		{0CA8A46B-3E09-680F-686B-44209DD58ED9}.Release|Any CPU.Build.0 = Release|Any CPU
	EndGlobalSection
	GlobalSection(SolutionProperties) = preSolution
		HideSolutionNode = FALSE
	EndGlobalSection
EndGlobal
